
Microsoft Visual Studio Solution File, Format Version 12.00
# Visual Studio Version 18
VisualStudioVersion = 18.2.11415.280
MinimumVisualStudioVersion = 10.0.40219.1
Project("{9A19103F-16F7-4668-BE54-9A1E7A4F7556}") = "WinTabPainter", "WinTabPainter\WinTabPainter.csproj", "{9ED11B23-EB2A-4A0B-864F-31F151CBC96E}"
EndProject
Project("{9A19103F-16F7-4668-BE54-9A1E7A4F7556}") = "WinTabDN", "WintabDN\WinTabDN.csproj", "{73EAE30A-60B9-43A5-AD81-9B05873E405C}"
EndProject
Project("{2150E333-8FDC-42A3-9474-1A3956D46DE8}") = "Solution Items", "Solution Items", "{810BEFF2-B7E3-4AD8-AA51-CBBF3161FB2A}"
	ProjectSection(SolutionItems) = preProject
		.editorconfig = .editorconfig
	EndProjectSection
EndProject
Project("{9A19103F-16F7-4668-BE54-9A1E7A4F7556}") = "WinTabConsole", "WinTabConsole\WinTabConsole.csproj", "{312D046B-CD1A-4899-B02E-607999640849}"
EndProject
Project("{FAE04EC0-301F-11D3-BF4B-00C04F79EFBC}") = "SevenPaint", "SevenPaint\SevenPaint.csproj", "{3786E50B-6203-4DBF-AC83-4AFE84B5ED61}"
EndProject
Project("{FAE04EC0-301F-11D3-BF4B-00C04F79EFBC}") = "SevenUtils", "SevenUtils\SevenUtils.csproj", "{A8649B8C-057B-6187-6FF6-1D19FC557557}"
EndProject
Project("{FAE04EC0-301F-11D3-BF4B-00C04F79EFBC}") = "PressureResponseTester", "PressureResponseTester\PressureResponseTester.csproj", "{67905EA5-CDE9-529B-78E8-8E0DC911BD22}"
EndProject
Global
	GlobalSection(SolutionConfigurationPlatforms) = preSolution
		Debug|Any CPU = Debug|Any CPU
		Debug|x64 = Debug|x64
		Debug|x86 = Debug|x86
		Release|Any CPU = Release|Any CPU
		Release|x64 = Release|x64
		Release|x86 = Release|x86
	EndGlobalSection
	GlobalSection(ProjectConfigurationPlatforms) = postSolution
		{9ED11B23-EB2A-4A0B-864F-31F151CBC96E}.Debug|Any CPU.ActiveCfg = Debug|Any CPU
		{9ED11B23-EB2A-4A0B-864F-31F151CBC96E}.Debug|Any CPU.Build.0 = Debug|Any CPU
		{9ED11B23-EB2A-4A0B-864F-31F151CBC96E}.Debug|x64.ActiveCfg = Debug|Any CPU
		{9ED11B23-EB2A-4A0B-864F-31F151CBC96E}.Debug|x64.Build.0 = Debug|Any CPU
		{9ED11B23-EB2A-4A0B-864F-31F151CBC96E}.Debug|x86.ActiveCfg = Debug|Any CPU
		{9ED11B23-EB2A-4A0B-864F-31F151CBC96E}.Debug|x86.Build.0 = Debug|Any CPU
		{9ED11B23-EB2A-4A0B-864F-31F151CBC96E}.Release|Any CPU.ActiveCfg = Release|Any CPU
		{9ED11B23-EB2A-4A0B-864F-31F151CBC96E}.Release|Any CPU.Build.0 = Release|Any CPU
		{9ED11B23-EB2A-4A0B-864F-31F151CBC96E}.Release|x64.ActiveCfg = Release|Any CPU
		{9ED11B23-EB2A-4A0B-864F-31F151CBC96E}.Release|x64.Build.0 = Release|Any CPU
		{9ED11B23-EB2A-4A0B-864F-31F151CBC96E}.Release|x86.ActiveCfg = Release|Any CPU
		{9ED11B23-EB2A-4A0B-864F-31F151CBC96E}.Release|x86.Build.0 = Release|Any CPU
		{73EAE30A-60B9-43A5-AD81-9B05873E405C}.Debug|Any CPU.ActiveCfg = Debug|Any CPU
		{73EAE30A-60B9-43A5-AD81-9B05873E405C}.Debug|Any CPU.Build.0 = Debug|Any CPU
		{73EAE30A-60B9-43A5-AD81-9B05873E405C}.Debug|x64.ActiveCfg = Debug|Any CPU
		{73EAE30A-60B9-43A5-AD81-9B05873E405C}.Debug|x64.Build.0 = Debug|Any CPU
		{73EAE30A-60B9-43A5-AD81-9B05873E405C}.Debug|x86.ActiveCfg = Debug|Any CPU
		{73EAE30A-60B9-43A5-AD81-9B05873E405C}.Debug|x86.Build.0 = Debug|Any CPU
		{73EAE30A-60B9-43A5-AD81-9B05873E405C}.Release|Any CPU.ActiveCfg = Release|Any CPU
		{73EAE30A-60B9-43A5-AD81-9B05873E405C}.Release|Any CPU.Build.0 = Release|Any CPU
		{73EAE30A-60B9-43A5-AD81-9B05873E405C}.Release|x64.ActiveCfg = Release|Any CPU
		{73EAE30A-60B9-43A5-AD81-9B05873E405C}.Release|x64.Build.0 = Release|Any CPU
		{73EAE30A-60B9-43A5-AD81-9B05873E405C}.Release|x86.ActiveCfg = Release|Any CPU
		{73EAE30A-60B9-43A5-AD81-9B05873E405C}.Release|x86.Build.0 = Release|Any CPU
		{312D046B-CD1A-4899-B02E-607999640849}.Debug|Any CPU.ActiveCfg = Debug|Any CPU
		{312D046B-CD1A-4899-B02E-607999640849}.Debug|Any CPU.Build.0 = Debug|Any CPU
		{312D046B-CD1A-4899-B02E-607999640849}.Debug|x64.ActiveCfg = Debug|Any CPU
		{312D046B-CD1A-4899-B02E-607999640849}.Debug|x64.Build.0 = Debug|Any CPU
		{312D046B-CD1A-4899-B02E-607999640849}.Debug|x86.ActiveCfg = Debug|Any CPU
		{312D046B-CD1A-4899-B02E-607999640849}.Debug|x86.Build.0 = Debug|Any CPU
		{312D046B-CD1A-4899-B02E-607999640849}.Release|Any CPU.ActiveCfg = Release|Any CPU
		{312D046B-CD1A-4899-B02E-607999640849}.Release|Any CPU.Build.0 = Release|Any CPU
		{312D046B-CD1A-4899-B02E-607999640849}.Release|x64.ActiveCfg = Release|Any CPU
		{312D046B-CD1A-4899-B02E-607999640849}.Release|x64.Build.0 = Release|Any CPU
		{312D046B-CD1A-4899-B02E-607999640849}.Release|x86.ActiveCfg = Release|Any CPU
		{312D046B-CD1A-4899-B02E-607999640849}.Release|x86.Build.0 = Release|Any CPU
		{3786E50B-6203-4DBF-AC83-4AFE84B5ED61}.Debug|Any CPU.ActiveCfg = Debug|Any CPU
		{3786E50B-6203-4DBF-AC83-4AFE84B5ED61}.Debug|Any CPU.Build.0 = Debug|Any CPU
		{3786E50B-6203-4DBF-AC83-4AFE84B5ED61}.Debug|x64.ActiveCfg = Debug|Any CPU
		{3786E50B-6203-4DBF-AC83-4AFE84B5ED61}.Debug|x64.Build.0 = Debug|Any CPU
		{3786E50B-6203-4DBF-AC83-4AFE84B5ED61}.Debug|x86.ActiveCfg = Debug|Any CPU
		{3786E50B-6203-4DBF-AC83-4AFE84B5ED61}.Debug|x86.Build.0 = Debug|Any CPU
		{3786E50B-6203-4DBF-AC83-4AFE84B5ED61}.Release|Any CPU.ActiveCfg = Release|Any CPU
		{3786E50B-6203-4DBF-AC83-4AFE84B5ED61}.Release|Any CPU.Build.0 = Release|Any CPU
		{3786E50B-6203-4DBF-AC83-4AFE84B5ED61}.Release|x64.ActiveCfg = Release|Any CPU
		{3786E50B-6203-4DBF-AC83-4AFE84B5ED61}.Release|x64.Build.0 = Release|Any CPU
		{3786E50B-6203-4DBF-AC83-4AFE84B5ED61}.Release|x86.ActiveCfg = Release|Any CPU
		{3786E50B-6203-4DBF-AC83-4AFE84B5ED61}.Release|x86.Build.0 = Release|Any CPU
		{A8649B8C-057B-6187-6FF6-1D19FC557557}.Debug|Any CPU.ActiveCfg = Debug|Any CPU
		{A8649B8C-057B-6187-6FF6-1D19FC557557}.Debug|Any CPU.Build.0 = Debug|Any CPU
		{A8649B8C-057B-6187-6FF6-1D19FC557557}.Debug|x64.ActiveCfg = Debug|Any CPU
		{A8649B8C-057B-6187-6FF6-1D19FC557557}.Debug|x64.Build.0 = Debug|Any CPU
		{A8649B8C-057B-6187-6FF6-1D19FC557557}.Debug|x86.ActiveCfg = Debug|Any CPU
		{A8649B8C-057B-6187-6FF6-1D19FC557557}.Debug|x86.Build.0 = Debug|Any CPU
		{A8649B8C-057B-6187-6FF6-1D19FC557557}.Release|Any CPU.ActiveCfg = Release|Any CPU
		{A8649B8C-057B-6187-6FF6-1D19FC557557}.Release|Any CPU.Build.0 = Release|Any CPU
		{A8649B8C-057B-6187-6FF6-1D19FC557557}.Release|x64.ActiveCfg = Release|Any CPU
		{A8649B8C-057B-6187-6FF6-1D19FC557557}.Release|x64.Build.0 = Release|Any CPU
		{A8649B8C-057B-6187-6FF6-1D19FC557557}.Release|x86.ActiveCfg = Release|Any CPU
		{A8649B8C-057B-6187-6FF6-1D19FC557557}.Release|x86.Build.0 = Release|Any CPU
		{67905EA5-CDE9-529B-78E8-8E0DC911BD22}.Debug|Any CPU.ActiveCfg = Debug|Any CPU
		{67905EA5-CDE9-529B-78E8-8E0DC911BD22}.Debug|Any CPU.Build.0 = Debug|Any CPU
		{67905EA5-CDE9-529B-78E8-8E0DC911BD22}.Debug|x64.ActiveCfg = Debug|Any CPU
		{67905EA5-CDE9-529B-78E8-8E0DC911BD22}.Debug|x64.Build.0 = Debug|Any CPU
		{67905EA5-CDE9-529B-78E8-8E0DC911BD22}.Debug|x86.ActiveCfg = Debug|Any CPU
		{67905EA5-CDE9-529B-78E8-8E0DC911BD22}.Debug|x86.Build.0 = Debug|Any CPU
		{67905EA5-CDE9-529B-78E8-8E0DC911BD22}.Release|Any CPU.ActiveCfg = Release|Any CPU
		{67905EA5-CDE9-529B-78E8-8E0DC911BD22}.Release|Any CPU.Build.0 = Release|Any CPU
		{67905EA5-CDE9-529B-78E8-8E0DC911BD22}.Release|x64.ActiveCfg = Release|Any CPU
		{67905EA5-CDE9-529B-78E8-8E0DC911BD22}.Release|x64.Build.0 = Release|Any CPU
		{67905EA5-CDE9-529B-78E8-8E0DC911BD22}.Release|x86.ActiveCfg = Release|Any CPU
		{67905EA5-CDE9-529B-78E8-8E0DC911BD22}.Release|x86.Build.0 = Release|Any CPU
	EndGlobalSection
	GlobalSection(SolutionProperties) = preSolution
		HideSolutionNode = FALSE
	EndGlobalSection
	GlobalSection(ExtensibilityGlobals) = postSolution
		SolutionGuid = {B79F5E92-60BE-480C-AEB1-7E0235C2BF51}
	EndGlobalSection
EndGlobal
